
Microsoft Visual Studio Solution File, Format Version 12.00
# Visual Studio Version 16
VisualStudioVersion = 16.0.29209.62
MinimumVisualStudioVersion = 10.0.40219.1
Project("{9A19103F-16F7-4668-BE54-9A1E7A4F7556}") = "SpaceLaunchTracker", "SpaceLaunchTracker\SpaceLaunchTracker.csproj", "{279EC1AA-2322-4634-BF7F-7FC576019D15}"
EndProject
Project("{2150E333-8FDC-42A3-9474-1A3956D46DE8}") = "Solution Items", "Solution Items", "{FCE545E6-CA14-4733-8C3D-FD479C21C154}"
	ProjectSection(SolutionItems) = preProject
		.editorconfig = .editorconfig
	EndProjectSection
EndProject
Global
	GlobalSection(SolutionConfigurationPlatforms) = preSolution
		Debug|Any CPU = Debug|Any CPU
		Release|Any CPU = Release|Any CPU
	EndGlobalSection
	GlobalSection(ProjectConfigurationPlatforms) = postSolution
		{279EC1AA-2322-4634-BF7F-7FC576019D15}.Debug|Any CPU.ActiveCfg = Debug|Any CPU
		{279EC1AA-2322-4634-BF7F-7FC576019D15}.Debug|Any CPU.Build.0 = Debug|Any CPU
		{279EC1AA-2322-4634-BF7F-7FC576019D15}.Release|Any CPU.ActiveCfg = Release|Any CPU
		{279EC1AA-2322-4634-BF7F-7FC576019D15}.Release|Any CPU.Build.0 = Release|Any CPU
	EndGlobalSection
	GlobalSection(SolutionProperties) = preSolution
		HideSolutionNode = FALSE
	EndGlobalSection
	GlobalSection(ExtensibilityGlobals) = postSolution
		SolutionGuid = {82FDA826-AEF8-49EF-B3FB-F42767F554F5}
	EndGlobalSection
EndGlobal
